
Microsoft Visual Studio Solution File, Format Version 12.00
# Visual Studio Version 16
VisualStudioVersion = 16.0.33328.57
MinimumVisualStudioVersion = 10.0.40219.1
Project("{FAE04EC0-301F-11D3-BF4B-00C04F79EFBC}") = "eCom.Console", "Azure-SQL-CLI\eCom.Console.csproj", "{92C3319E-9A57-43C3-A886-B9D8CDD592C5}"
EndProject
Project("{FAE04EC0-301F-11D3-BF4B-00C04F79EFBC}") = "eCom.Infrastructure", "eCom.Infrastructure\eCom.Infrastructure.csproj", "{29F27360-466F-420B-947C-C502F17AA237}"
EndProject
Global
	GlobalSection(SolutionConfigurationPlatforms) = preSolution
		Debug|Any CPU = Debug|Any CPU
		Release|Any CPU = Release|Any CPU
	EndGlobalSection
	GlobalSection(ProjectConfigurationPlatforms) = postSolution
		{92C3319E-9A57-43C3-A886-B9D8CDD592C5}.Debug|Any CPU.ActiveCfg = Debug|Any CPU
		{92C3319E-9A57-43C3-A886-B9D8CDD592C5}.Debug|Any CPU.Build.0 = Debug|Any CPU
		{92C3319E-9A57-43C3-A886-B9D8CDD592C5}.Release|Any CPU.ActiveCfg = Release|Any CPU
		{92C3319E-9A57-43C3-A886-B9D8CDD592C5}.Release|Any CPU.Build.0 = Release|Any CPU
		{29F27360-466F-420B-947C-C502F17AA237}.Debug|Any CPU.ActiveCfg = Debug|Any CPU
		{29F27360-466F-420B-947C-C502F17AA237}.Debug|Any CPU.Build.0 = Debug|Any CPU
		{29F27360-466F-420B-947C-C502F17AA237}.Release|Any CPU.ActiveCfg = Release|Any CPU
		{29F27360-466F-420B-947C-C502F17AA237}.Release|Any CPU.Build.0 = Release|Any CPU
	EndGlobalSection
	GlobalSection(SolutionProperties) = preSolution
		HideSolutionNode = FALSE
	EndGlobalSection
	GlobalSection(ExtensibilityGlobals) = postSolution
		SolutionGuid = {FA9A47F9-5DB0-4F36-BBB0-C63027DBBA34}
	EndGlobalSection
EndGlobal
